<?xml version='1.0' encoding='utf-8'?>
<Project xmlns="http://schemas.microsoft.com/developer/msbuild/2003" ToolsVersion="4.0">
  <ItemGroup>
    <Filter Include="Source Files">
      <UniqueIdentifier>{4FC737F1-C7A5-4376-A066-2A32D752A2FF}</UniqueIdentifier>
      <Extensions>cpp;c;cc;cxx;c++;cppm;ixx;def;odl;idl;hpj;bat;asm;asmx</Extensions>
    </Filter>
    <Filter Include="Header Files">
      <UniqueIdentifier>{93995380-89BD-4b04-88EB-625FBE52EBFB}</UniqueIdentifier>
      <Extensions>h;hh;hpp;hxx;h++;hm;inl;inc;ipp;xsd</Extensions>
    </Filter>
    <Filter Include="Resource Files">
      <UniqueIdentifier>{67DA6AB6-F800-4c08-8B7A-83BB121AAD01}</UniqueIdentifier>
      <Extensions>rc;ico;cur;bmp;dlg;rc2;rct;bin;rgs;gif;jpg;jpeg;jpe;resx;tiff;tif;png;wav;mfcribbon-ms</Extensions>
    </Filter>
  </ItemGroup>
  <ItemGroup>
    <ClCompile Include="main.cpp">
      <Filter>Source Files</Filter>
    </ClCompile>
    <ClCompile Include="Raven\Animation\AnimationClip.cpp">
      <Filter>Source Files</Filter>
    </ClCompile>
    <ClCompile Include="Raven\Animation\AnimationRuntimeDebug.cpp">
      <Filter>Source Files</Filter>
    </ClCompile>
    <ClCompile Include="Raven\Animation\AnimationSystem.cpp">
      <Filter>Source Files</Filter>
    </ClCompile>
    <ClCompile Include="Raven\Animation\Animator.cpp">
      <Filter>Source Files</Filter>
    </ClCompile>
    <ClCompile Include="Raven\Animation\AnimatorStateMachine.cpp">
      <Filter>Source Files</Filter>
    </ClCompile>
    <ClCompile Include="Raven\Animation\AnimatorStateMachineBlendTree.cpp">
      <Filter>Source Files</Filter>
    </ClCompile>
    <ClCompile Include="Raven\Animation\AnimatorStateMachineLocomotion.cpp">
      <Filter>Source Files</Filter>
    </ClCompile>
    <ClCompile Include="Raven\Animation\BlendTree1D.cpp">
      <Filter>Source Files</Filter>
    </ClCompile>
    <ClCompile Include="Raven\Animation\Debug\AnimationDebugOverlayRenderer.cpp">
      <Filter>Source Files</Filter>
    </ClCompile>
    <ClCompile Include="Raven\Animation\Debug\AnimationStateMachineGraphLayout.cpp">
      <Filter>Source Files</Filter>
    </ClCompile>
    <ClCompile Include="Raven\Animation\HumanoidAnimationProfileSerialization.cpp">
      <Filter>Source Files</Filter>
    </ClCompile>
    <ClCompile Include="Raven\Animation\PoseBlending.cpp">
      <Filter>Source Files</Filter>
    </ClCompile>
    <ClCompile Include="Raven\Animation\SkeletalMeshDeformer.cpp">
      <Filter>Source Files</Filter>
    </ClCompile>
    <ClCompile Include="Raven\Animation\Skeleton.cpp">
      <Filter>Source Files</Filter>
    </ClCompile>
    <ClCompile Include="Raven\Animation\SkeletonPose.cpp">
      <Filter>Source Files</Filter>
    </ClCompile>
    <ClCompile Include="Raven\Animation\Skinning.cpp">
      <Filter>Source Files</Filter>
    </ClCompile>
    <ClCompile Include="Raven\Animation\Tests\BlendTreeRuntimeSelfTests.cpp">
      <Filter>Source Files</Filter>
    </ClCompile>
    <ClCompile Include="Raven\Animation\Tests\SkeletalDeformationSelfTests.cpp">
      <Filter>Source Files</Filter>
    </ClCompile>
    <ClCompile Include="Raven\Assets\TextureAsset.cpp">
      <Filter>Source Files</Filter>
    </ClCompile>
    <ClCompile Include="Raven\Assets\TextureAssetImporter.cpp">
      <Filter>Source Files</Filter>
    </ClCompile>
    <ClCompile Include="Raven\Character\CharacterController.cpp">
      <Filter>Source Files</Filter>
    </ClCompile>
    <ClCompile Include="Raven\Character\CharacterControllerInput.cpp">
      <Filter>Source Files</Filter>
    </ClCompile>
    <ClCompile Include="Raven\Character\CharacterControllerMovingPlatform.cpp">
      <Filter>Source Files</Filter>
    </ClCompile>
    <ClCompile Include="Raven\Character\CharacterCrushReaction.cpp">
      <Filter>Source Files</Filter>
    </ClCompile>
    <ClCompile Include="Raven\Character\CharacterRagdollRecoveryRuntime.cpp">
      <Filter>Source Files</Filter>
    </ClCompile>
    <ClCompile Include="Raven\Character\Debug\CharacterControllerDemoLayer.cpp">
      <Filter>Source Files</Filter>
    </ClCompile>
    <ClCompile Include="Raven\Character\Tests\CharacterCapsuleCollisionSelfTests.cpp">
      <Filter>Source Files</Filter>
    </ClCompile>
    <ClCompile Include="Raven\Character\Tests\CharacterCeilingCollisionSelfTests.cpp">
      <Filter>Source Files</Filter>
    </ClCompile>
    <ClCompile Include="Raven\Character\Tests\CharacterCrushReactionSelfTests.cpp">
      <Filter>Source Files</Filter>
    </ClCompile>
    <ClCompile Include="Raven\Character\Tests\CharacterMovingPlatformSelfTests.cpp">
      <Filter>Source Files</Filter>
    </ClCompile>
    <ClCompile Include="Raven\Character\Tests\CharacterPhysicsGroundQuerySelfTests.cpp">
      <Filter>Source Files</Filter>
    </ClCompile>
    <ClCompile Include="Raven\Character\Tests\CharacterRagdollRecoverySelfTests.cpp">
      <Filter>Source Files</Filter>
    </ClCompile>
    <ClCompile Include="Raven\Core\Application.cpp">
      <Filter>Source Files</Filter>
    </ClCompile>
    <ClCompile Include="Raven\Core\Base.cpp">
      <Filter>Source Files</Filter>
    </ClCompile>
    <ClCompile Include="Raven\Core\Containers\Tests\FlatHashSetSelfTests.cpp">
      <Filter>Source Files</Filter>
    </ClCompile>
    <ClCompile Include="Raven\Core\CPUProfiler.cpp">
      <Filter>Source Files</Filter>
    </ClCompile>
    <ClCompile Include="Raven\Core\Event.cpp">
      <Filter>Source Files</Filter>
    </ClCompile>
    <ClCompile Include="Raven\Core\Input.cpp">
      <Filter>Source Files</Filter>
    </ClCompile>
    <ClCompile Include="Raven\Core\JsonParser.cpp">
      <Filter>Source Files</Filter>
    </ClCompile>
    <ClCompile Include="Raven\Core\JsonWriter.cpp">
      <Filter>Source Files</Filter>
    </ClCompile>
    <ClCompile Include="Raven\Core\Memory\FrameAllocator.cpp">
      <Filter>Source Files</Filter>
    </ClCompile>
    <ClCompile Include="Raven\Core\Memory\LinearAllocator.cpp">
      <Filter>Source Files</Filter>
    </ClCompile>
    <ClCompile Include="Raven\Core\Memory\Tests\MemoryAllocatorSelfTests.cpp">
      <Filter>Source Files</Filter>
    </ClCompile>
    <ClCompile Include="Raven\Core\Window.cpp">
      <Filter>Source Files</Filter>
    </ClCompile>
    <ClCompile Include="Raven\Debug\BrowserDebugServer.cpp">
      <Filter>Source Files</Filter>
    </ClCompile>
    <ClCompile Include="Raven\Debug\BrowserDebugViewer.cpp">
      <Filter>Source Files</Filter>
    </ClCompile>
    <ClCompile Include="Raven\Editor\Command\CreateEntityCommand.cpp">
      <Filter>Source Files</Filter>
    </ClCompile>
    <ClCompile Include="Raven\Editor\Command\RenameEntityCommand.cpp">
      <Filter>Source Files</Filter>
    </ClCompile>
    <ClCompile Include="Raven\Editor\Command\TransformCommand.cpp">
      <Filter>Source Files</Filter>
    </ClCompile>
    <ClCompile Include="Raven\Editor\EditorCamera.cpp">
      <Filter>Source Files</Filter>
    </ClCompile>
    <ClCompile Include="Raven\Editor\EditorCommandHistory.cpp">
      <Filter>Source Files</Filter>
    </ClCompile>
    <ClCompile Include="Raven\Editor\EditorEntityPicking.cpp">
      <Filter>Source Files</Filter>
    </ClCompile>
    <ClCompile Include="Raven\Editor\EditorGizmo.cpp">
      <Filter>Source Files</Filter>
    </ClCompile>
    <ClCompile Include="Raven\Editor\EditorLayer.cpp">
      <Filter>Source Files</Filter>
    </ClCompile>
    <ClCompile Include="Raven\Editor\EditorRotateGizmo.cpp">
      <Filter>Source Files</Filter>
    </ClCompile>
    <ClCompile Include="Raven\Editor\EditorScaleGizmo.cpp">
      <Filter>Source Files</Filter>
    </ClCompile>
    <ClCompile Include="Raven\Editor\EditorSelectionOutline.cpp">
      <Filter>Source Files</Filter>
    </ClCompile>
    <ClCompile Include="Raven\Editor\EditorTranslateGizmo.cpp">
      <Filter>Source Files</Filter>
    </ClCompile>
    <ClCompile Include="Raven\Editor\Panels\AnimationDebugPanel.cpp">
      <Filter>Source Files</Filter>
    </ClCompile>
    <ClCompile Include="Raven\Editor\Panels\InspectorPanel.cpp">
      <Filter>Source Files</Filter>
    </ClCompile>
    <ClCompile Include="Raven\Editor\Panels\SceneHierarchyPanel.cpp">
      <Filter>Source Files</Filter>
    </ClCompile>
    <ClCompile Include="Raven\Editor\Panels\StatisticsPanel.cpp">
      <Filter>Source Files</Filter>
    </ClCompile>
    <ClCompile Include="Raven\Gltf\AccessorReader.cpp">
      <Filter>Source Files</Filter>
    </ClCompile>
    <ClCompile Include="Raven\Gltf\AccessorReaderSkin.cpp">
      <Filter>Source Files</Filter>
    </ClCompile>
    <ClCompile Include="Raven\Gltf\AnimationImporter.cpp">
      <Filter>Source Files</Filter>
    </ClCompile>
    <ClCompile Include="Raven\Gltf\Debug\HumanSkinningDebugController.cpp">
      <Filter>Source Files</Filter>
    </ClCompile>
    <ClCompile Include="Raven\Gltf\Debug\HumanSkinningDebugLayer.cpp">
      <Filter>Source Files</Filter>
    </ClCompile>
    <ClCompile Include="Raven\Gltf\GlbReader.cpp">
      <Filter>Source Files</Filter>
    </ClCompile>
    <ClCompile Include="Raven\Gltf\GltfDocument.cpp">
      <Filter>Source Files</Filter>
    </ClCompile>
    <ClCompile Include="Raven\Gltf\HumanoidSceneNormalization.cpp">
      <Filter>Source Files</Filter>
    </ClCompile>
    <ClCompile Include="Raven\Gltf\MaterialImporter.cpp">
      <Filter>Source Files</Filter>
    </ClCompile>
    <ClCompile Include="Raven\Gltf\NodeHierarchy.cpp">
      <Filter>Source Files</Filter>
    </ClCompile>
    <ClCompile Include="Raven\Gltf\SkinImporter.cpp">
      <Filter>Source Files</Filter>
    </ClCompile>
    <ClCompile Include="Raven\Gltf\SkinnedAnimationRuntime.cpp">
      <Filter>Source Files</Filter>
    </ClCompile>
    <ClCompile Include="Raven\Gltf\SkinnedAnimationRuntimeLocomotion.cpp">
      <Filter>Source Files</Filter>
    </ClCompile>
    <ClCompile Include="Raven\Gltf\SkinnedBlendTreeRuntime.cpp">
      <Filter>Source Files</Filter>
    </ClCompile>
    <ClCompile Include="Raven\Gltf\SkinnedBlendTreeRuntimeOneShot.cpp">
      <Filter>Source Files</Filter>
    </ClCompile>
    <ClCompile Include="Raven\Gltf\SkinnedMeshImporter.cpp">
      <Filter>Source Files</Filter>
    </ClCompile>
    <ClCompile Include="Raven\Gltf\SkinnedMeshRuntime.cpp">
      <Filter>Source Files</Filter>
    </ClCompile>
    <ClCompile Include="Raven\Gltf\SkinnedMeshSceneSpawner.cpp">
      <Filter>Source Files</Filter>
    </ClCompile>
    <ClCompile Include="Raven\Gltf\SkinnedRagdollRuntime.cpp">
      <Filter>Source Files</Filter>
    </ClCompile>
    <ClCompile Include="Raven\Gltf\StaticMeshImporter.cpp">
      <Filter>Source Files</Filter>
    </ClCompile>
    <ClCompile Include="Raven\Gltf\StaticSceneImporter.cpp">
      <Filter>Source Files</Filter>
    </ClCompile>
    <ClCompile Include="Raven\Gltf\Tests\GltfAccessorSelfTests.cpp">
      <Filter>Source Files</Filter>
    </ClCompile>
    <ClCompile Include="Raven\Gltf\Tests\GltfNodeHierarchySelfTests.cpp">
      <Filter>Source Files</Filter>
    </ClCompile>
    <ClCompile Include="Raven\Gltf\Tests\GltfSkinAccessorSelfTests.cpp">
      <Filter>Source Files</Filter>
    </ClCompile>
    <ClCompile Include="Raven\ImGui\ImGuiLayer.cpp">
      <Filter>Source Files</Filter>
    </ClCompile>
    <ClCompile Include="Raven\Math\Math.cpp">
      <Filter>Source Files</Filter>
    </ClCompile>
    <ClCompile Include="Raven\Math\MathMatrix.cpp">
      <Filter>Source Files</Filter>
    </ClCompile>
    <ClCompile Include="Raven\Math\MathQuatanion.cpp">
      <Filter>Source Files</Filter>
    </ClCompile>
    <ClCompile Include="Raven\Math\MathUtility.cpp">
      <Filter>Source Files</Filter>
    </ClCompile>
    <ClCompile Include="Raven\Math\MathVector.cpp">
      <Filter>Source Files</Filter>
    </ClCompile>
    <ClCompile Include="Raven\Physics\Collision\AABB.cpp">
      <Filter>Source Files</Filter>
    </ClCompile>
    <ClCompile Include="Raven\Physics\Collision\BoxCollision.cpp">
      <Filter>Source Files</Filter>
    </ClCompile>
    <ClCompile Include="Raven\Physics\Collision\BroadPhase.cpp">
      <Filter>Source Files</Filter>
    </ClCompile>
    <ClCompile Include="Raven\Physics\Collision\CapsuleCollision.cpp">
      <Filter>Source Files</Filter>
    </ClCompile>
    <ClCompile Include="Raven\Physics\Collision\CollisionDetection.cpp">
      <Filter>Source Files</Filter>
    </ClCompile>
    <ClCompile Include="Raven\Physics\Collision\DynamicAABBTree.cpp">
      <Filter>Source Files</Filter>
    </ClCompile>
    <ClCompile Include="Raven\Physics\Collision\DynamicAABBTreeValidation.cpp">
      <Filter>Source Files</Filter>
    </ClCompile>
    <ClCompile Include="Raven\Physics\Collision\PlaneCollision.cpp">
      <Filter>Source Files</Filter>
    </ClCompile>
    <ClCompile Include="Raven\Physics\Collision\SphereCollision.cpp">
      <Filter>Source Files</Filter>
    </ClCompile>
    <ClCompile Include="Raven\Physics\Debug\PhysicsDebugRenderer.cpp">
      <Filter>Source Files</Filter>
    </ClCompile>
    <ClCompile Include="Raven\Physics\Debug\PhysicsDebugRendererCameraContext.cpp">
      <Filter>Source Files</Filter>
    </ClCompile>
    <ClCompile Include="Raven\Physics\PhysicsWorld.cpp">
      <Filter>Source Files</Filter>
    </ClCompile>
    <ClCompile Include="Raven\Physics\PhysicsWorldCapsuleCast.cpp">
      <Filter>Source Files</Filter>
    </ClCompile>
    <ClCompile Include="Raven\Physics\PhysicsWorldControl.cpp">
      <Filter>Source Files</Filter>
    </ClCompile>
    <ClCompile Include="Raven\Physics\PhysicsWorldGroundQuery.cpp">
      <Filter>Source Files</Filter>
    </ClCompile>
    <ClCompile Include="Raven\Physics\Ragdoll\RagdollAnimationVelocity.cpp">
      <Filter>Source Files</Filter>
    </ClCompile>
    <ClCompile Include="Raven\Physics\Ragdoll\RagdollConstraintSolver.cpp">
      <Filter>Source Files</Filter>
    </ClCompile>
    <ClCompile Include="Raven\Physics\Ragdoll\RagdollPhysicsBridge.cpp">
      <Filter>Source Files</Filter>
    </ClCompile>
    <ClCompile Include="Raven\Physics\Ragdoll\RagdollRuntime.cpp">
      <Filter>Source Files</Filter>
    </ClCompile>
    <ClCompile Include="Raven\Physics\Ragdoll\RagdollRuntimeLookup.cpp">
      <Filter>Source Files</Filter>
    </ClCompile>
    <ClCompile Include="Raven\Physics\SoftBody\Debug\SoftBodyClothDemoLayer.cpp">
      <Filter>Source Files</Filter>
    </ClCompile>
    <ClCompile Include="Raven\Physics\SoftBody\Debug\SoftBodyJellyDemoLayer.cpp">
      <Filter>Source Files</Filter>
    </ClCompile>
    <ClCompile Include="Raven\Physics\SoftBody\Debug\SoftBodyParticleTriangleCandidateDebugSnapshot.cpp">
      <Filter>Source Files</Filter>
    </ClCompile>
    <ClCompile Include="Raven\Physics\SoftBody\Debug\SoftBodyParticleTriangleCandidateDebugSvgWriter.cpp">
      <Filter>Source Files</Filter>
    </ClCompile>
    <ClCompile Include="Raven\Physics\SoftBody\Debug\SoftBodyParticleTrianglePairInspector.cpp">
      <Filter>Source Files</Filter>
    </ClCompile>
    <ClCompile Include="Raven\Physics\SoftBody\Debug\SoftBodyPhysicsDebugSvgWriter.cpp">
      <Filter>Source Files</Filter>
    </ClCompile>
    <ClCompile Include="Raven\Physics\SoftBody\SoftBodyCloth.cpp">
      <Filter>Source Files</Filter>
    </ClCompile>
    <ClCompile Include="Raven\Physics\SoftBody\SoftBodyIntegratedStep.cpp">
      <Filter>Source Files</Filter>
    </ClCompile>
    <ClCompile Include="Raven\Physics\SoftBody\SoftBodyJelly.cpp">
      <Filter>Source Files</Filter>
    </ClCompile>
    <ClCompile Include="Raven\Physics\SoftBody\SoftBodyJellySurface.cpp">
      <Filter>Source Files</Filter>
    </ClCompile>
    <ClCompile Include="Raven\Physics\SoftBody\SoftBodyParticleTriangleSelfCollision.cpp">
      <Filter>Source Files</Filter>
    </ClCompile>
    <ClCompile Include="Raven\Physics\SoftBody\SoftBodySelfCollision.cpp">
      <Filter>Source Files</Filter>
    </ClCompile>
    <ClCompile Include="Raven\Physics\SoftBody\SoftBodySolver.cpp">
      <Filter>Source Files</Filter>
    </ClCompile>
    <ClCompile Include="Raven\Physics\SoftBody\SoftBodySpatialHashGrid.cpp">
      <Filter>Source Files</Filter>
    </ClCompile>
    <ClCompile Include="Raven\Physics\SoftBody\SoftBodyTemporaryCandidateOutput.cpp">
      <Filter>Source Files</Filter>
    </ClCompile>
    <ClCompile Include="Raven\Physics\SoftBody\SoftBodyTriangleSpatialHashGrid.cpp">
      <Filter>Source Files</Filter>
    </ClCompile>
    <ClCompile Include="Raven\Physics\SoftBody\SoftBodyTriangleSpatialHashGridDebug.cpp">
      <Filter>Source Files</Filter>
    </ClCompile>
    <ClCompile Include="Raven\Physics\SoftBody\SoftBodyVolumeStep.cpp">
      <Filter>Source Files</Filter>
    </ClCompile>
    <ClCompile Include="Raven\Physics\SoftBody\XPBDVolumeConstraint.cpp">
      <Filter>Source Files</Filter>
    </ClCompile>
    <ClCompile Include="Raven\Physics\Solver\ContactSolver.cpp">
      <Filter>Source Files</Filter>
    </ClCompile>
    <ClCompile Include="Raven\Physics\Tests\CapsuleCollisionSelfTests.cpp">
      <Filter>Source Files</Filter>
    </ClCompile>
    <ClCompile Include="Raven\Physics\Tests\PhysicsCollisionSelfTests.cpp">
      <Filter>Source Files</Filter>
    </ClCompile>
    <ClCompile Include="Raven\Physics\Tests\PhysicsFrameAllocatorSelfTests.cpp">
      <Filter>Source Files</Filter>
    </ClCompile>
    <ClCompile Include="Raven\Physics\Tests\RagdollAnimationVelocitySelfTests.cpp">
      <Filter>Source Files</Filter>
    </ClCompile>
    <ClCompile Include="Raven\Physics\Tests\SoftBodyIntegratedStepSelfTests.cpp">
      <Filter>Source Files</Filter>
    </ClCompile>
    <ClCompile Include="Raven\Physics\Tests\SoftBodyJellySelfTests.cpp">
      <Filter>Source Files</Filter>
    </ClCompile>
    <ClCompile Include="Raven\Physics\Tests\SoftBodyJellySurfaceSelfTests.cpp">
      <Filter>Source Files</Filter>
    </ClCompile>
    <ClCompile Include="Raven\Physics\Tests\SoftBodyParticleTriangleSelfCollisionSelfTests.cpp">
      <Filter>Source Files</Filter>
    </ClCompile>
    <ClCompile Include="Raven\Physics\Tests\SoftBodySelfCollisionSelfTests.cpp">
      <Filter>Source Files</Filter>
    </ClCompile>
    <ClCompile Include="Raven\Physics\Tests\SoftBodySpatialHashSelfTests.cpp">
      <Filter>Source Files</Filter>
    </ClCompile>
    <ClCompile Include="Raven\Physics\Tests\SoftBodyVolumeConstraintSelfTests.cpp">
      <Filter>Source Files</Filter>
    </ClCompile>
    <ClCompile Include="Raven\Platform\OpenGL\OpenGLContext.cpp">
      <Filter>Source Files</Filter>
    </ClCompile>
    <ClCompile Include="Raven\Platform\OpenGL\OpenGLFramebuffer.cpp">
      <Filter>Source Files</Filter>
    </ClCompile>
    <ClCompile Include="Raven\Platform\OpenGL\OpenGLRendererAPI.cpp">
      <Filter>Source Files</Filter>
    </ClCompile>
    <ClCompile Include="Raven\Platform\Windows\WindowsInput.cpp">
      <Filter>Source Files</Filter>
    </ClCompile>
    <ClCompile Include="Raven\Platform\Windows\WindowsWindow.cpp">
      <Filter>Source Files</Filter>
    </ClCompile>
    <ClCompile Include="Raven\Renderer\Buffer\IndexBuffer.cpp">
      <Filter>Source Files</Filter>
    </ClCompile>
    <ClCompile Include="Raven\Renderer\Buffer\OpenGLIndexBuffer.cpp">
      <Filter>Source Files</Filter>
    </ClCompile>
    <ClCompile Include="Raven\Renderer\Buffer\OpenGLVertexArray.cpp">
      <Filter>Source Files</Filter>
    </ClCompile>
    <ClCompile Include="Raven\Renderer\Buffer\OpenGLVertexBuffer.cpp">
      <Filter>Source Files</Filter>
    </ClCompile>
    <ClCompile Include="Raven\Renderer\Buffer\VertexArray.cpp">
      <Filter>Source Files</Filter>
    </ClCompile>
    <ClCompile Include="Raven\Renderer\Buffer\VertexBuffer.cpp">
      <Filter>Source Files</Filter>
    </ClCompile>
    <ClCompile Include="Raven\Renderer\Framebuffer.cpp">
      <Filter>Source Files</Filter>
    </ClCompile>
    <ClCompile Include="Raven\Renderer\GraphicsContext.cpp">
      <Filter>Source Files</Filter>
    </ClCompile>
    <ClCompile Include="Raven\Renderer\Layer\Layer.cpp">
      <Filter>Source Files</Filter>
    </ClCompile>
    <ClCompile Include="Raven\Renderer\Layer\SandboxLayer.cpp">
      <Filter>Source Files</Filter>
    </ClCompile>
    <ClCompile Include="Raven\Renderer\Material\Material.cpp">
      <Filter>Source Files</Filter>
    </ClCompile>
    <ClCompile Include="Raven\Renderer\Mesh\Deformation\MeshDeformationSystem.cpp">
      <Filter>Source Files</Filter>
    </ClCompile>
    <ClCompile Include="Raven\Renderer\Mesh\Deformation\SoftBodyClothDeformer.cpp">
      <Filter>Source Files</Filter>
    </ClCompile>
    <ClCompile Include="Raven\Renderer\Mesh\Deformation\SoftBodyJellyMeshDeformer.cpp">
      <Filter>Source Files</Filter>
    </ClCompile>
    <ClCompile Include="Raven\Renderer\Mesh\Deformation\WaveMeshDeformer.cpp">
      <Filter>Source Files</Filter>
    </ClCompile>
    <ClCompile Include="Raven\Renderer\Mesh\Mesh.cpp">
      <Filter>Source Files</Filter>
    </ClCompile>
    <ClCompile Include="Raven\Renderer\Mesh\PrimitiveMeshFactory.cpp">
      <Filter>Source Files</Filter>
    </ClCompile>
    <ClCompile Include="Raven\Renderer\Pipeline\OpenGLPipeline.cpp">
      <Filter>Source Files</Filter>
    </ClCompile>
    <ClCompile Include="Raven\Renderer\Pipeline\Pipeline.cpp">
      <Filter>Source Files</Filter>
    </ClCompile>
    <ClCompile Include="Raven\Renderer\RenderCommand.cpp">
      <Filter>Source Files</Filter>
    </ClCompile>
    <ClCompile Include="Raven\Renderer\Renderer.cpp">
      <Filter>Source Files</Filter>
    </ClCompile>
    <ClCompile Include="Raven\Renderer\RendererAPI.cpp">
      <Filter>Source Files</Filter>
    </ClCompile>
    <ClCompile Include="Raven\Renderer\Shader\OpenGLShader.cpp">
      <Filter>Source Files</Filter>
    </ClCompile>
    <ClCompile Include="Raven\Renderer\Shader\Shader.cpp">
      <Filter>Source Files</Filter>
    </ClCompile>
    <ClCompile Include="Raven\Renderer\Texture\OpenGLTexture.cpp">
      <Filter>Source Files</Filter>
    </ClCompile>
    <ClCompile Include="Raven\Renderer\Texture\Texture.cpp">
      <Filter>Source Files</Filter>
    </ClCompile>
    <ClCompile Include="Raven\sample.cpp">
      <Filter>Source Files</Filter>
    </ClCompile>
    <ClCompile Include="Raven\Scene\Components.cpp">
      <Filter>Source Files</Filter>
    </ClCompile>
    <ClCompile Include="Raven\Scene\Entity.cpp">
      <Filter>Source Files</Filter>
    </ClCompile>
    <ClCompile Include="Raven\Scene\Scene.cpp">
      <Filter>Source Files</Filter>
    </ClCompile>
    <ClCompile Include="Raven\Scene\SceneCamera.cpp">
      <Filter>Source Files</Filter>
    </ClCompile>
    <ClCompile Include="Raven\Scene\SceneCameraSystem.cpp">
      <Filter>Source Files</Filter>
    </ClCompile>
    <ClCompile Include="Raven\Scene\SceneGame.cpp">
      <Filter>Source Files</Filter>
    </ClCompile>
    <ClCompile Include="Raven\Scene\SceneGameAnimation.cpp">
      <Filter>Source Files</Filter>
    </ClCompile>
    <ClCompile Include="Raven\Scene\Tests\SceneLifecycleSelfTests.cpp">
      <Filter>Source Files</Filter>
    </ClCompile>
    <ClCompile Include="Raven\UI\Animation\UIAnimationBinding.cpp">
      <Filter>Source Files</Filter>
    </ClCompile>
    <ClCompile Include="Raven\UI\Core\UIContext.cpp">
      <Filter>Source Files</Filter>
    </ClCompile>
    <ClCompile Include="Raven\UI\Core\UIDrawList.cpp">
      <Filter>Source Files</Filter>
    </ClCompile>
    <ClCompile Include="Raven\UI\Core\UIElement.cpp">
      <Filter>Source Files</Filter>
    </ClCompile>
    <ClCompile Include="Raven\UI\Core\UIHitTest.cpp">
      <Filter>Source Files</Filter>
    </ClCompile>
    <ClCompile Include="Raven\UI\Document\DefaultDocumentImporters.cpp">
      <Filter>Source Files</Filter>
    </ClCompile>
    <ClCompile Include="Raven\UI\Document\DocumentImporterRegistry.cpp">
      <Filter>Source Files</Filter>
    </ClCompile>
    <ClCompile Include="Raven\UI\Document\DocumentLoader.cpp">
      <Filter>Source Files</Filter>
    </ClCompile>
    <ClCompile Include="Raven\UI\Document\UIVectorDocument.cpp">
      <Filter>Source Files</Filter>
    </ClCompile>
    <ClCompile Include="Raven\UI\Rendering\OpenGLUIRenderer.cpp">
      <Filter>Source Files</Filter>
    </ClCompile>
    <ClCompile Include="Raven\UI\Rendering\UIRenderer.cpp">
      <Filter>Source Files</Filter>
    </ClCompile>
    <ClCompile Include="Raven\UI\Svg\Debug\UISvgDemoLayer.cpp">
      <Filter>Source Files</Filter>
    </ClCompile>
    <ClCompile Include="Raven\UI\Svg\SvgImporter.cpp">
      <Filter>Source Files</Filter>
    </ClCompile>
    <ClCompile Include="Raven\UI\Svg\SvgImporterDocument.cpp">
      <Filter>Source Files</Filter>
    </ClCompile>
    <ClCompile Include="Raven\UI\Svg\SvgPathImporter.cpp">
      <Filter>Source Files</Filter>
    </ClCompile>
    <ClCompile Include="Raven\UI\Svg\UISvg.cpp">
      <Filter>Source Files</Filter>
    </ClCompile>
    <ClCompile Include="Raven\UI\Widgets\UIButton.cpp">
      <Filter>Source Files</Filter>
    </ClCompile>
    <ClCompile Include="Raven\UI\Widgets\UICircle.cpp">
      <Filter>Source Files</Filter>
    </ClCompile>
    <ClCompile Include="Raven\UI\Widgets\UIImage.cpp">
      <Filter>Source Files</Filter>
    </ClCompile>
    <ClCompile Include="Raven\UI\Widgets\UIPanel.cpp">
      <Filter>Source Files</Filter>
    </ClCompile>
    <ClCompile Include="Raven\UI\Widgets\UIPolygon.cpp">
      <Filter>Source Files</Filter>
    </ClCompile>
    <ClCompile Include="Raven\UI\Widgets\UIScrollView.cpp">
      <Filter>Source Files</Filter>
    </ClCompile>
    <ClCompile Include="Raven\UI\Widgets\UISlider.cpp">
      <Filter>Source Files</Filter>
    </ClCompile>
    <ClCompile Include="Raven\UI\Widgets\UISplitter.cpp">
      <Filter>Source Files</Filter>
    </ClCompile>
    <ClCompile Include="src\glad.c">
      <Filter>Source Files</Filter>
    </ClCompile>
    <ClCompile Include="vendor\imgui\backends\imgui_impl_glfw.cpp">
      <Filter>Source Files</Filter>
    </ClCompile>
    <ClCompile Include="vendor\imgui\backends\imgui_impl_opengl3.cpp">
      <Filter>Source Files</Filter>
    </ClCompile>
    <ClCompile Include="vendor\imgui\imgui.cpp">
      <Filter>Source Files</Filter>
    </ClCompile>
    <ClCompile Include="vendor\imgui\imgui_draw.cpp">
      <Filter>Source Files</Filter>
    </ClCompile>
    <ClCompile Include="vendor\imgui\imgui_tables.cpp">
      <Filter>Source Files</Filter>
    </ClCompile>
    <ClCompile Include="vendor\imgui\imgui_widgets.cpp">
      <Filter>Source Files</Filter>
    </ClCompile>
  </ItemGroup>
  <ItemGroup>
    <ClInclude Include="Raven\Animation\AnimationClip.h">
      <Filter>Header Files</Filter>
    </ClInclude>
    <ClInclude Include="Raven\Animation\AnimationKeyframe.h">
      <Filter>Header Files</Filter>
    </ClInclude>
    <ClInclude Include="Raven\Animation\AnimationRuntimeDebug.h">
      <Filter>Header Files</Filter>
    </ClInclude>
    <ClInclude Include="Raven\Animation\AnimationSystem.h">
      <Filter>Header Files</Filter>
    </ClInclude>
    <ClInclude Include="Raven\Animation\AnimationTrack.h">
      <Filter>Header Files</Filter>
    </ClInclude>
    <ClInclude Include="Raven\Animation\Animator.h">
      <Filter>Header Files</Filter>
    </ClInclude>
    <ClInclude Include="Raven\Animation\AnimatorParameter.h">
      <Filter>Header Files</Filter>
    </ClInclude>
    <ClInclude Include="Raven\Animation\AnimatorState.h">
      <Filter>Header Files</Filter>
    </ClInclude>
    <ClInclude Include="Raven\Animation\AnimatorStateMachine.h">
      <Filter>Header Files</Filter>
    </ClInclude>
    <ClInclude Include="Raven\Animation\AnimatorTransition.h">
      <Filter>Header Files</Filter>
    </ClInclude>
    <ClInclude Include="Raven\Animation\BlendTree1D.h">
      <Filter>Header Files</Filter>
    </ClInclude>
    <ClInclude Include="Raven\Animation\Bone.h">
      <Filter>Header Files</Filter>
    </ClInclude>
    <ClInclude Include="Raven\Animation\Debug\AnimationDebugOverlayRenderer.h">
      <Filter>Header Files</Filter>
    </ClInclude>
    <ClInclude Include="Raven\Animation\Debug\AnimationStateMachineGraphLayout.h">
      <Filter>Header Files</Filter>
    </ClInclude>
    <ClInclude Include="Raven\Animation\HumanoidAnimationProfile.h">
      <Filter>Header Files</Filter>
    </ClInclude>
    <ClInclude Include="Raven\Animation\HumanoidAnimationProfileSerialization.h">
      <Filter>Header Files</Filter>
    </ClInclude>
    <ClInclude Include="Raven\Animation\PoseBlending.h">
      <Filter>Header Files</Filter>
    </ClInclude>
    <ClInclude Include="Raven\Animation\SkeletalMeshDeformer.h">
      <Filter>Header Files</Filter>
    </ClInclude>
    <ClInclude Include="Raven\Animation\Skeleton.h">
      <Filter>Header Files</Filter>
    </ClInclude>
    <ClInclude Include="Raven\Animation\SkeletonPose.h">
      <Filter>Header Files</Filter>
    </ClInclude>
    <ClInclude Include="Raven\Animation\SkinnedMeshData.h">
      <Filter>Header Files</Filter>
    </ClInclude>
    <ClInclude Include="Raven\Animation\Skinning.h">
      <Filter>Header Files</Filter>
    </ClInclude>
    <ClInclude Include="Raven\Animation\SkinWeight.h">
      <Filter>Header Files</Filter>
    </ClInclude>
    <ClInclude Include="Raven\Animation\Tests\BlendTreeRuntimeSelfTests.h">
      <Filter>Header Files</Filter>
    </ClInclude>
    <ClInclude Include="Raven\Animation\Tests\SkeletalDeformationSelfTests.h">
      <Filter>Header Files</Filter>
    </ClInclude>
    <ClInclude Include="Raven\Assets\TextureAsset.h">
      <Filter>Header Files</Filter>
    </ClInclude>
    <ClInclude Include="Raven\Assets\TextureAssetImporter.h">
      <Filter>Header Files</Filter>
    </ClInclude>
    <ClInclude Include="Raven\Character\CharacterController.h">
      <Filter>Header Files</Filter>
    </ClInclude>
    <ClInclude Include="Raven\Character\CharacterCrushReaction.h">
      <Filter>Header Files</Filter>
    </ClInclude>
    <ClInclude Include="Raven\Character\CharacterRagdollRecoveryRuntime.h">
      <Filter>Header Files</Filter>
    </ClInclude>
    <ClInclude Include="Raven\Character\Debug\CharacterControllerDemoLayer.h">
      <Filter>Header Files</Filter>
    </ClInclude>
    <ClInclude Include="Raven\Character\Debug\CharacterLocomotionDebugOverlayLayer.h">
      <Filter>Header Files</Filter>
    </ClInclude>
    <ClInclude Include="Raven\Core\Application.h">
      <Filter>Header Files</Filter>
    </ClInclude>
    <ClInclude Include="Raven\Core\Base.h">
      <Filter>Header Files</Filter>
    </ClInclude>
    <ClInclude Include="Raven\Core\Containers\FlatHashSet.h">
      <Filter>Header Files</Filter>
    </ClInclude>
    <ClInclude Include="Raven\Core\Containers\Tests\FlatHashSetSelfTests.h">
      <Filter>Header Files</Filter>
    </ClInclude>
    <ClInclude Include="Raven\Core\CPUProfiler.h">
      <Filter>Header Files</Filter>
    </ClInclude>
    <ClInclude Include="Raven\Core\Event.h">
      <Filter>Header Files</Filter>
    </ClInclude>
    <ClInclude Include="Raven\Core\Input.h">
      <Filter>Header Files</Filter>
    </ClInclude>
    <ClInclude Include="Raven\Core\JsonParser.h">
      <Filter>Header Files</Filter>
    </ClInclude>
    <ClInclude Include="Raven\Core\JsonValue.h">
      <Filter>Header Files</Filter>
    </ClInclude>
    <ClInclude Include="Raven\Core\JsonWriter.h">
      <Filter>Header Files</Filter>
    </ClInclude>
    <ClInclude Include="Raven\Core\KeyCodes.h">
      <Filter>Header Files</Filter>
    </ClInclude>
    <ClInclude Include="Raven\Core\Memory\Allocator.h">
      <Filter>Header Files</Filter>
    </ClInclude>
    <ClInclude Include="Raven\Core\Memory\FrameAllocator.h">
      <Filter>Header Files</Filter>
    </ClInclude>
    <ClInclude Include="Raven\Core\Memory\FrameVector.h">
      <Filter>Header Files</Filter>
    </ClInclude>
    <ClInclude Include="Raven\Core\Memory\LinearAllocator.h">
      <Filter>Header Files</Filter>
    </ClInclude>
    <ClInclude Include="Raven\Core\Memory\STLAllocatorAdapter.h">
      <Filter>Header Files</Filter>
    </ClInclude>
    <ClInclude Include="Raven\Core\Memory\Tests\MemoryAllocatorSelfTests.h">
      <Filter>Header Files</Filter>
    </ClInclude>
    <ClInclude Include="Raven\Core\MouseCodes.h">
      <Filter>Header Files</Filter>
    </ClInclude>
    <ClInclude Include="Raven\Core\Window.h">
      <Filter>Header Files</Filter>
    </ClInclude>
    <ClInclude Include="Raven\Debug\BrowserDebugConfig.h">
      <Filter>Header Files</Filter>
    </ClInclude>
    <ClInclude Include="Raven\Debug\BrowserDebugServer.h">
      <Filter>Header Files</Filter>
    </ClInclude>
    <ClInclude Include="Raven\Debug\BrowserDebugViewer.h">
      <Filter>Header Files</Filter>
    </ClInclude>
    <ClInclude Include="Raven\Editor\Command\CreateEntityCommand.h">
      <Filter>Header Files</Filter>
    </ClInclude>
    <ClInclude Include="Raven\Editor\Command\IEditorCommand.h">
      <Filter>Header Files</Filter>
    </ClInclude>
    <ClInclude Include="Raven\Editor\Command\InspectorEditCommand.h">
      <Filter>Header Files</Filter>
    </ClInclude>
    <ClInclude Include="Raven\Editor\Command\RenameEntityCommand.h">
      <Filter>Header Files</Filter>
    </ClInclude>
    <ClInclude Include="Raven\Editor\Command\TransformCommand.h">
      <Filter>Header Files</Filter>
    </ClInclude>
    <ClInclude Include="Raven\Editor\EditorCamera.h">
      <Filter>Header Files</Filter>
    </ClInclude>
    <ClInclude Include="Raven\Editor\EditorCommandHistory.h">
      <Filter>Header Files</Filter>
    </ClInclude>
    <ClInclude Include="Raven\Editor\EditorGizmo.h">
      <Filter>Header Files</Filter>
    </ClInclude>
    <ClInclude Include="Raven\Editor\EditorLayer.h">
      <Filter>Header Files</Filter>
    </ClInclude>
    <ClInclude Include="Raven\Editor\EditorRotateGizmo.h">
      <Filter>Header Files</Filter>
    </ClInclude>
    <ClInclude Include="Raven\Editor\EditorScaleGizmo.h">
      <Filter>Header Files</Filter>
    </ClInclude>
    <ClInclude Include="Raven\Editor\EditorTranslateGizmo.h">
      <Filter>Header Files</Filter>
    </ClInclude>
    <ClInclude Include="Raven\Editor\Panels\AnimationDebugPanel.h">
      <Filter>Header Files</Filter>
    </ClInclude>
    <ClInclude Include="Raven\Editor\Panels\InspectorPanel.h">
      <Filter>Header Files</Filter>
    </ClInclude>
    <ClInclude Include="Raven\Editor\Panels\SceneHierarchyPanel.h">
      <Filter>Header Files</Filter>
    </ClInclude>
    <ClInclude Include="Raven\Editor\Panels\StatisticsPanel.h">
      <Filter>Header Files</Filter>
    </ClInclude>
    <ClInclude Include="Raven\Gltf\AccessorReader.h">
      <Filter>Header Files</Filter>
    </ClInclude>
    <ClInclude Include="Raven\Gltf\AnimationImporter.h">
      <Filter>Header Files</Filter>
    </ClInclude>
    <ClInclude Include="Raven\Gltf\Debug\HumanSkinningDebugController.h">
      <Filter>Header Files</Filter>
    </ClInclude>
    <ClInclude Include="Raven\Gltf\Debug\HumanSkinningDebugLayer.h">
      <Filter>Header Files</Filter>
    </ClInclude>
    <ClInclude Include="Raven\Gltf\GlbReader.h">
      <Filter>Header Files</Filter>
    </ClInclude>
    <ClInclude Include="Raven\Gltf\GltfCoordinateSystem.h">
      <Filter>Header Files</Filter>
    </ClInclude>
    <ClInclude Include="Raven\Gltf\GltfDocument.h">
      <Filter>Header Files</Filter>
    </ClInclude>
    <ClInclude Include="Raven\Gltf\HumanoidSceneNormalization.h">
      <Filter>Header Files</Filter>
    </ClInclude>
    <ClInclude Include="Raven\Gltf\JsonParser.h">
      <Filter>Header Files</Filter>
    </ClInclude>
    <ClInclude Include="Raven\Gltf\JsonValue.h">
      <Filter>Header Files</Filter>
    </ClInclude>
    <ClInclude Include="Raven\Gltf\MaterialImporter.h">
      <Filter>Header Files</Filter>
    </ClInclude>
    <ClInclude Include="Raven\Gltf\NodeHierarchy.h">
      <Filter>Header Files</Filter>
    </ClInclude>
    <ClInclude Include="Raven\Gltf\SkinImporter.h">
      <Filter>Header Files</Filter>
    </ClInclude>
    <ClInclude Include="Raven\Gltf\SkinnedAnimationRuntime.h">
      <Filter>Header Files</Filter>
    </ClInclude>
    <ClInclude Include="Raven\Gltf\SkinnedBlendTreeRuntime.h">
      <Filter>Header Files</Filter>
    </ClInclude>
    <ClInclude Include="Raven\Gltf\SkinnedMeshImporter.h">
      <Filter>Header Files</Filter>
    </ClInclude>
    <ClInclude Include="Raven\Gltf\SkinnedMeshRuntime.h">
      <Filter>Header Files</Filter>
    </ClInclude>
    <ClInclude Include="Raven\Gltf\SkinnedMeshSceneSpawner.h">
      <Filter>Header Files</Filter>
    </ClInclude>
    <ClInclude Include="Raven\Gltf\SkinnedRagdollRuntime.h">
      <Filter>Header Files</Filter>
    </ClInclude>
    <ClInclude Include="Raven\Gltf\StaticMeshImporter.h">
      <Filter>Header Files</Filter>
    </ClInclude>
    <ClInclude Include="Raven\Gltf\StaticSceneImporter.h">
      <Filter>Header Files</Filter>
    </ClInclude>
    <ClInclude Include="Raven\Gltf\Tests\GltfAccessorSelfTests.h">
      <Filter>Header Files</Filter>
    </ClInclude>
    <ClInclude Include="Raven\Gltf\Tests\GltfNodeHierarchySelfTests.h">
      <Filter>Header Files</Filter>
    </ClInclude>
    <ClInclude Include="Raven\Gltf\Tests\GltfSkinAccessorSelfTests.h">
      <Filter>Header Files</Filter>
    </ClInclude>
    <ClInclude Include="Raven\ImGui\ImGuiLayer.h">
      <Filter>Header Files</Filter>
    </ClInclude>
    <ClInclude Include="Raven\Math\Math.h">
      <Filter>Header Files</Filter>
    </ClInclude>
    <ClInclude Include="Raven\Math\MathMatrix.h">
      <Filter>Header Files</Filter>
    </ClInclude>
    <ClInclude Include="Raven\Math\MathQuatanion.h">
      <Filter>Header Files</Filter>
    </ClInclude>
    <ClInclude Include="Raven\Math\MathUtility.h">
      <Filter>Header Files</Filter>
    </ClInclude>
    <ClInclude Include="Raven\Math\MathVector.h">
      <Filter>Header Files</Filter>
    </ClInclude>
    <ClInclude Include="Raven\Physics\Collision\AABB.h">
      <Filter>Header Files</Filter>
    </ClInclude>
    <ClInclude Include="Raven\Physics\Collision\BroadPhase.h">
      <Filter>Header Files</Filter>
    </ClInclude>
    <ClInclude Include="Raven\Physics\Collision\Capsule.h">
      <Filter>Header Files</Filter>
    </ClInclude>
    <ClInclude Include="Raven\Physics\Collision\CollisionDetection.h">
      <Filter>Header Files</Filter>
    </ClInclude>
    <ClInclude Include="Raven\Physics\Collision\DynamicAABBTree.h">
      <Filter>Header Files</Filter>
    </ClInclude>
    <ClInclude Include="Raven\Physics\Collision\DynamicAABBTreeNode.h">
      <Filter>Header Files</Filter>
    </ClInclude>
    <ClInclude Include="Raven\Physics\Collision\DynamicAABBTreeValidation.h">
      <Filter>Header Files</Filter>
    </ClInclude>
    <ClInclude Include="Raven\Physics\Collision\OBB.h">
      <Filter>Header Files</Filter>
    </ClInclude>
    <ClInclude Include="Raven\Physics\Contact.h">
      <Filter>Header Files</Filter>
    </ClInclude>
    <ClInclude Include="Raven\Physics\Debug\PhysicsDebugOverlayFont.h">
      <Filter>Header Files</Filter>
    </ClInclude>
    <ClInclude Include="Raven\Physics\Debug\PhysicsDebugRenderer.h">
      <Filter>Header Files</Filter>
    </ClInclude>
    <ClInclude Include="Raven\Physics\Debug\PhysicsDebugSettings.h">
      <Filter>Header Files</Filter>
    </ClInclude>
    <ClInclude Include="Raven\Physics\PhysicsType.h">
      <Filter>Header Files</Filter>
    </ClInclude>
    <ClInclude Include="Raven\Physics\PhysicsWorld.h">
      <Filter>Header Files</Filter>
    </ClInclude>
    <ClInclude Include="Raven\Physics\Ragdoll\RagdollConstraintSolver.h">
      <Filter>Header Files</Filter>
    </ClInclude>
    <ClInclude Include="Raven\Physics\Ragdoll\RagdollPhysicsBridge.h">
      <Filter>Header Files</Filter>
    </ClInclude>
    <ClInclude Include="Raven\Physics\Ragdoll\RagdollRuntime.h">
      <Filter>Header Files</Filter>
    </ClInclude>
    <ClInclude Include="Raven\Physics\RigidBodyDynamics.h">
      <Filter>Header Files</Filter>
    </ClInclude>
    <ClInclude Include="Raven\Physics\SoftBody\Debug\SoftBodyClothDemoLayer.h">
      <Filter>Header Files</Filter>
    </ClInclude>
    <ClInclude Include="Raven\Physics\SoftBody\Debug\SoftBodyJellyDemoLayer.h">
      <Filter>Header Files</Filter>
    </ClInclude>
    <ClInclude Include="Raven\Physics\SoftBody\Debug\SoftBodyParticleTriangleCandidateDebugSnapshot.h">
      <Filter>Header Files</Filter>
    </ClInclude>
    <ClInclude Include="Raven\Physics\SoftBody\Debug\SoftBodyParticleTriangleCandidateDebugSvgWriter.h">
      <Filter>Header Files</Filter>
    </ClInclude>
    <ClInclude Include="Raven\Physics\SoftBody\Debug\SoftBodyParticleTrianglePairInspector.h">
      <Filter>Header Files</Filter>
    </ClInclude>
    <ClInclude Include="Raven\Physics\SoftBody\Debug\SoftBodyPhysicsDebugSvgWriter.h">
      <Filter>Header Files</Filter>
    </ClInclude>
    <ClInclude Include="Raven\Physics\SoftBody\SoftBodyCloth.h">
      <Filter>Header Files</Filter>
    </ClInclude>
    <ClInclude Include="Raven\Physics\SoftBody\SoftBodyJelly.h">
      <Filter>Header Files</Filter>
    </ClInclude>
    <ClInclude Include="Raven\Physics\SoftBody\SoftBodyJellySurface.h">
      <Filter>Header Files</Filter>
    </ClInclude>
    <ClInclude Include="Raven\Physics\SoftBody\SoftBodyParticle.h">
      <Filter>Header Files</Filter>
    </ClInclude>
    <ClInclude Include="Raven\Physics\SoftBody\SoftBodyParticleTriangleSelfCollision.h">
      <Filter>Header Files</Filter>
    </ClInclude>
    <ClInclude Include="Raven\Physics\SoftBody\SoftBodySelfCollision.h">
      <Filter>Header Files</Filter>
    </ClInclude>
    <ClInclude Include="Raven\Physics\SoftBody\SoftBodySolver.h">
      <Filter>Header Files</Filter>
    </ClInclude>
    <ClInclude Include="Raven\Physics\SoftBody\SoftBodySpatialHashGrid.h">
      <Filter>Header Files</Filter>
    </ClInclude>
    <ClInclude Include="Raven\Physics\SoftBody\SoftBodyTriangleSpatialHashGrid.h">
      <Filter>Header Files</Filter>
    </ClInclude>
    <ClInclude Include="Raven\Physics\SoftBody\XPBDDihedralConstraint.h">
      <Filter>Header Files</Filter>
    </ClInclude>
    <ClInclude Include="Raven\Physics\SoftBody\XPBDDistanceConstraint.h">
      <Filter>Header Files</Filter>
    </ClInclude>
    <ClInclude Include="Raven\Physics\SoftBody\XPBDVolumeConstraint.h">
      <Filter>Header Files</Filter>
    </ClInclude>
    <ClInclude Include="Raven\Physics\Solver\ContactSolver.h">
      <Filter>Header Files</Filter>
    </ClInclude>
    <ClInclude Include="Raven\Physics\Solver\SolverTemporaryAllocationCounter.h">
      <Filter>Header Files</Filter>
    </ClInclude>
    <ClInclude Include="Raven\Physics\Tests\SoftBodyIntegratedStepSelfTests.h">
      <Filter>Header Files</Filter>
    </ClInclude>
    <ClInclude Include="Raven\Platform\OpenGL\OpenGLContext.h">
      <Filter>Header Files</Filter>
    </ClInclude>
    <ClInclude Include="Raven\Platform\OpenGL\OpenGLFramebuffer.h">
      <Filter>Header Files</Filter>
    </ClInclude>
    <ClInclude Include="Raven\Platform\OpenGL\OpenGLRendererAPI.h">
      <Filter>Header Files</Filter>
    </ClInclude>
    <ClInclude Include="Raven\Platform\Windows\WindowsInput.h">
      <Filter>Header Files</Filter>
    </ClInclude>
    <ClInclude Include="Raven\Platform\Windows\WindowsWindow.h">
      <Filter>Header Files</Filter>
    </ClInclude>
    <ClInclude Include="Raven\Renderer\Buffer\BufferLayout.h">
      <Filter>Header Files</Filter>
    </ClInclude>
    <ClInclude Include="Raven\Renderer\Buffer\IndexBuffer.h">
      <Filter>Header Files</Filter>
    </ClInclude>
    <ClInclude Include="Raven\Renderer\Buffer\OpenGLIndexBuffer.h">
      <Filter>Header Files</Filter>
    </ClInclude>
    <ClInclude Include="Raven\Renderer\Buffer\OpenGLVertexArray.h">
      <Filter>Header Files</Filter>
    </ClInclude>
    <ClInclude Include="Raven\Renderer\Buffer\OpenGLVertexBuffer.h">
      <Filter>Header Files</Filter>
    </ClInclude>
    <ClInclude Include="Raven\Renderer\Buffer\VertexArray.h">
      <Filter>Header Files</Filter>
    </ClInclude>
    <ClInclude Include="Raven\Renderer\Buffer\VertexBuffer.h">
      <Filter>Header Files</Filter>
    </ClInclude>
    <ClInclude Include="Raven\Renderer\Camera\Camera.h">
      <Filter>Header Files</Filter>
    </ClInclude>
    <ClInclude Include="Raven\Renderer\Framebuffer.h">
      <Filter>Header Files</Filter>
    </ClInclude>
    <ClInclude Include="Raven\Renderer\GraphicsContext.h">
      <Filter>Header Files</Filter>
    </ClInclude>
    <ClInclude Include="Raven\Renderer\Layer\Layer.h">
      <Filter>Header Files</Filter>
    </ClInclude>
    <ClInclude Include="Raven\Renderer\Layer\SandboxLayer.h">
      <Filter>Header Files</Filter>
    </ClInclude>
    <ClInclude Include="Raven\Renderer\Material\Material.h">
      <Filter>Header Files</Filter>
    </ClInclude>
    <ClInclude Include="Raven\Renderer\Mesh\Deformation\MeshDeformationInstance.h">
      <Filter>Header Files</Filter>
    </ClInclude>
    <ClInclude Include="Raven\Renderer\Mesh\Deformation\MeshDeformationSystem.h">
      <Filter>Header Files</Filter>
    </ClInclude>
    <ClInclude Include="Raven\Renderer\Mesh\Deformation\MeshDeformer.h">
      <Filter>Header Files</Filter>
    </ClInclude>
    <ClInclude Include="Raven\Renderer\Mesh\Deformation\SoftBodyClothDeformer.h">
      <Filter>Header Files</Filter>
    </ClInclude>
    <ClInclude Include="Raven\Renderer\Mesh\Deformation\SoftBodyJellyMeshDeformer.h">
      <Filter>Header Files</Filter>
    </ClInclude>
    <ClInclude Include="Raven\Renderer\Mesh\Deformation\WaveMeshDeformer.h">
      <Filter>Header Files</Filter>
    </ClInclude>
    <ClInclude Include="Raven\Renderer\Mesh\Mesh.h">
      <Filter>Header Files</Filter>
    </ClInclude>
    <ClInclude Include="Raven\Renderer\Mesh\MeshGeometry.h">
      <Filter>Header Files</Filter>
    </ClInclude>
    <ClInclude Include="Raven\Renderer\Mesh\PrimitiveMeshFactory.h">
      <Filter>Header Files</Filter>
    </ClInclude>
    <ClInclude Include="Raven\Renderer\Pipeline\OpenGLPipeline.h">
      <Filter>Header Files</Filter>
    </ClInclude>
    <ClInclude Include="Raven\Renderer\Pipeline\Pipeline.h">
      <Filter>Header Files</Filter>
    </ClInclude>
    <ClInclude Include="Raven\Renderer\RenderCommand.h">
      <Filter>Header Files</Filter>
    </ClInclude>
    <ClInclude Include="Raven\Renderer\Renderer.h">
      <Filter>Header Files</Filter>
    </ClInclude>
    <ClInclude Include="Raven\Renderer\RendererAPI.h">
      <Filter>Header Files</Filter>
    </ClInclude>
    <ClInclude Include="Raven\Renderer\Shader\OpenGLShader.h">
      <Filter>Header Files</Filter>
    </ClInclude>
    <ClInclude Include="Raven\Renderer\Shader\Shader.h">
      <Filter>Header Files</Filter>
    </ClInclude>
    <ClInclude Include="Raven\Renderer\Texture\OpenGLTexture.h">
      <Filter>Header Files</Filter>
    </ClInclude>
    <ClInclude Include="Raven\Renderer\Texture\Texture.h">
      <Filter>Header Files</Filter>
    </ClInclude>
    <ClInclude Include="Raven\sample.h">
      <Filter>Header Files</Filter>
    </ClInclude>
    <ClInclude Include="Raven\Scene\Components.h">
      <Filter>Header Files</Filter>
    </ClInclude>
    <ClInclude Include="Raven\Scene\ComponentStorage.h">
      <Filter>Header Files</Filter>
    </ClInclude>
    <ClInclude Include="Raven\Scene\ComponentView.h">
      <Filter>Header Files</Filter>
    </ClInclude>
    <ClInclude Include="Raven\Scene\Entity.h">
      <Filter>Header Files</Filter>
    </ClInclude>
    <ClInclude Include="Raven\Scene\Scene.h">
      <Filter>Header Files</Filter>
    </ClInclude>
    <ClInclude Include="Raven\Scene\SceneCamera.h">
      <Filter>Header Files</Filter>
    </ClInclude>
    <ClInclude Include="Raven\Scene\SceneCameraSystem.h">
      <Filter>Header Files</Filter>
    </ClInclude>
    <ClInclude Include="Raven\Scene\SceneGame.h">
      <Filter>Header Files</Filter>
    </ClInclude>
    <ClInclude Include="Raven\Scene\SceneViewportRenderer.h">
      <Filter>Header Files</Filter>
    </ClInclude>
    <ClInclude Include="Raven\Scene\Tests\SceneLifecycleSelfTests.h">
      <Filter>Header Files</Filter>
    </ClInclude>
    <ClInclude Include="Raven\UI\Animation\UIAnimationBinding.h">
      <Filter>Header Files</Filter>
    </ClInclude>
    <ClInclude Include="Raven\UI\Core\UIContext.h">
      <Filter>Header Files</Filter>
    </ClInclude>
    <ClInclude Include="Raven\UI\Core\UIDrawList.h">
      <Filter>Header Files</Filter>
    </ClInclude>
    <ClInclude Include="Raven\UI\Core\UIElement.h">
      <Filter>Header Files</Filter>
    </ClInclude>
    <ClInclude Include="Raven\UI\Core\UIEvent.h">
      <Filter>Header Files</Filter>
    </ClInclude>
    <ClInclude Include="Raven\UI\Core\UIHitTest.h">
      <Filter>Header Files</Filter>
    </ClInclude>
    <ClInclude Include="Raven\UI\Debug\UITreeMutationValidation.h">
      <Filter>Header Files</Filter>
    </ClInclude>
    <ClInclude Include="Raven\UI\Document\DefaultDocumentImporters.h">
      <Filter>Header Files</Filter>
    </ClInclude>
    <ClInclude Include="Raven\UI\Document\DocumentImporterRegistry.h">
      <Filter>Header Files</Filter>
    </ClInclude>
    <ClInclude Include="Raven\UI\Document\DocumentLoader.h">
      <Filter>Header Files</Filter>
    </ClInclude>
    <ClInclude Include="Raven\UI\Document\IDocumentImporter.h">
      <Filter>Header Files</Filter>
    </ClInclude>
    <ClInclude Include="Raven\UI\Document\UIDocument.h">
      <Filter>Header Files</Filter>
    </ClInclude>
    <ClInclude Include="Raven\UI\Document\UIVectorDocument.h">
      <Filter>Header Files</Filter>
    </ClInclude>
    <ClInclude Include="Raven\UI\Document\VectorDocument.h">
      <Filter>Header Files</Filter>
    </ClInclude>
    <ClInclude Include="Raven\UI\Rendering\OpenGLUIRenderer.h">
      <Filter>Header Files</Filter>
    </ClInclude>
    <ClInclude Include="Raven\UI\Rendering\UIRenderer.h">
      <Filter>Header Files</Filter>
    </ClInclude>
    <ClInclude Include="Raven\UI\Svg\Debug\UISvgDemoLayer.h">
      <Filter>Header Files</Filter>
    </ClInclude>
    <ClInclude Include="Raven\UI\Svg\SvgImportContext.h">
      <Filter>Header Files</Filter>
    </ClInclude>
    <ClInclude Include="Raven\UI\Svg\SvgImporter.h">
      <Filter>Header Files</Filter>
    </ClInclude>
    <ClInclude Include="Raven\UI\Svg\SvgPathImporter.h">
      <Filter>Header Files</Filter>
    </ClInclude>
    <ClInclude Include="Raven\UI\Svg\UISvg.h">
      <Filter>Header Files</Filter>
    </ClInclude>
    <ClInclude Include="Raven\UI\Widgets\UIButton.h">
      <Filter>Header Files</Filter>
    </ClInclude>
    <ClInclude Include="Raven\UI\Widgets\UICircle.h">
      <Filter>Header Files</Filter>
    </ClInclude>
    <ClInclude Include="Raven\UI\Widgets\UIImage.h">
      <Filter>Header Files</Filter>
    </ClInclude>
    <ClInclude Include="Raven\UI\Widgets\UIPanel.h">
      <Filter>Header Files</Filter>
    </ClInclude>
    <ClInclude Include="Raven\UI\Widgets\UIPolygon.h">
      <Filter>Header Files</Filter>
    </ClInclude>
    <ClInclude Include="Raven\UI\Widgets\UIScrollView.h">
      <Filter>Header Files</Filter>
    </ClInclude>
    <ClInclude Include="Raven\UI\Widgets\UISlider.h">
      <Filter>Header Files</Filter>
    </ClInclude>
    <ClInclude Include="Raven\UI\Widgets\UISplitter.h">
      <Filter>Header Files</Filter>
    </ClInclude>
  </ItemGroup>
  <ItemGroup>
    <None Include="Raven\Assets\Images\test\mountain1.png">
      <Filter>Resource Files</Filter>
    </None>
    <None Include="Raven\Assets\Images\test\sample1.png">
      <Filter>Resource Files</Filter>
    </None>
    <None Include="Raven\Assets\Images\test\sample2.png">
      <Filter>Resource Files</Filter>
    </None>
    <None Include="Raven\Assets\Shaders\Fragment\test.frag">
      <Filter>Resource Files</Filter>
    </None>
    <None Include="Raven\Assets\Shaders\Fragment\texture_test.frag">
      <Filter>Resource Files</Filter>
    </None>
    <None Include="Raven\Assets\Shaders\Glsl\FlatColor.glsl">
      <Filter>Resource Files</Filter>
    </None>
    <None Include="Raven\Assets\Shaders\ShaderToy\test.frag">
      <Filter>Resource Files</Filter>
    </None>
    <None Include="Raven\Assets\Shaders\Vertex\test.vert">
      <Filter>Resource Files</Filter>
    </None>
    <None Include="Raven\Assets\Shaders\Vertex\texture_test.vert">
      <Filter>Resource Files</Filter>
    </None>
    <None Include="Raven\Physics\Collision\BroadPhase.inl">
      <Filter>Resource Files</Filter>
    </None>
  </ItemGroup>
</Project>